NeoBundleLock VimClojure 2a17c249571395a7f45523d38cac6a9326ecf8f1
NeoBundleLock lightline.vim 059888ab650fa192dd441e52bd9f41f08b247529
NeoBundleLock molokai c67bdfcdb31415aa0ade7f8c003261700a885476
NeoBundleLock neobundle.vim 88951d60547595606ea0ca8f28f643d2506f2714
NeoBundleLock neocomplcache 778181767467b8f8016828898779a646074d883a
NeoBundleLock neosnippet 13c51ee885216619ab2dcd1a2c3790b83f85f27c
NeoBundleLock syntastic 40ac6c462e2f76cb76d8a0f295abc358abc198bb
NeoBundleLock unite-colorscheme 505157450fe1a967c6c044d3bfe18d896e3d5d08
NeoBundleLock unite.vim be09b0e5784c4c4c13aefae4f16313696c6f51de
NeoBundleLock vim-slime d8008b643119d05b873868c7312b438fa44d1918
NeoBundleLock vim-textmanip 2c2b23cae19eef5e634fa4a3efdf7081363d65a0
NeoBundleLock vimfiler.vim 72c37e897d09a8749417a3322a25ee45aa3a4ed3
NeoBundleLock vimproc 25cb83f24edec4aec1e9f1329302235e7a7a7fe0
NeoBundleLock vimshell d0c5bef010237855b4de25863bc54895effe5d7a
